Microsoft Visual Studio Solution File, Format Version 12.00
# Visual Studio 15
VisualStudioVersion = 15.0.26430.12
MinimumVisualStudioVersion = 15.0.26124.0
Project("{9A19103F-16F7-4668-BE54-9A1E7A4F7556}") = "Fibon.Api", "Fibon.Api\Fibon.Api.csproj", "{6F28C07C-EE4C-4C16-AFC9-48D12228A51F}"
EndProject
Project("{9A19103F-16F7-4668-BE54-9A1E7A4F7556}") = "Fibon.Messages", "Fibon.Messages\Fibon.Messages.csproj", "{004F2482-537E-4AB8-B05E-65FBBBF25F19}"
EndProject
Project("{9A19103F-16F7-4668-BE54-9A1E7A4F7556}") = "Fibon.Service", "Fibon.Service\Fibon.Service.csproj", "{34D2EFB2-DE09-4B4C-8F1C-768D53E443F2}"
EndProject
Project("{2150E333-8FDC-42A3-9474-1A3956D46DE8}") = "Scripts", "Scripts", "{FD6924EA-6352-4662-BD1B-0492105CA002}"
	ProjectSection(SolutionItems) = preProject
		Scripts\buildDockerImages.sh = Scripts\buildDockerImages.sh
		Scripts\dotnetPublish.sh = Scripts\dotnetPublish.sh
	EndProjectSection
EndProject
Global
	GlobalSection(SolutionConfigurationPlatforms) = preSolution
		Debug|Any CPU = Debug|Any CPU
		Debug|x64 = Debug|x64
		Debug|x86 = Debug|x86
		Release|Any CPU = Release|Any CPU
		Release|x64 = Release|x64
		Release|x86 = Release|x86
	EndGlobalSection
	GlobalSection(ProjectConfigurationPlatforms) = postSolution
		{6F28C07C-EE4C-4C16-AFC9-48D12228A51F}.Debug|Any CPU.ActiveCfg = Debug|Any CPU
		{6F28C07C-EE4C-4C16-AFC9-48D12228A51F}.Debug|Any CPU.Build.0 = Debug|Any CPU
		{6F28C07C-EE4C-4C16-AFC9-48D12228A51F}.Debug|x64.ActiveCfg = Debug|Any CPU
		{6F28C07C-EE4C-4C16-AFC9-48D12228A51F}.Debug|x64.Build.0 = Debug|Any CPU
		{6F28C07C-EE4C-4C16-AFC9-48D12228A51F}.Debug|x86.ActiveCfg = Debug|Any CPU
		{6F28C07C-EE4C-4C16-AFC9-48D12228A51F}.Debug|x86.Build.0 = Debug|Any CPU
		{6F28C07C-EE4C-4C16-AFC9-48D12228A51F}.Release|Any CPU.ActiveCfg = Release|Any CPU
		{6F28C07C-EE4C-4C16-AFC9-48D12228A51F}.Release|Any CPU.Build.0 = Release|Any CPU
		{6F28C07C-EE4C-4C16-AFC9-48D12228A51F}.Release|x64.ActiveCfg = Release|Any CPU
		{6F28C07C-EE4C-4C16-AFC9-48D12228A51F}.Release|x64.Build.0 = Release|Any CPU
		{6F28C07C-EE4C-4C16-AFC9-48D12228A51F}.Release|x86.ActiveCfg = Release|Any CPU
		{6F28C07C-EE4C-4C16-AFC9-48D12228A51F}.Release|x86.Build.0 = Release|Any CPU
		{004F2482-537E-4AB8-B05E-65FBBBF25F19}.Debug|Any CPU.ActiveCfg = Debug|Any CPU
		{004F2482-537E-4AB8-B05E-65FBBBF25F19}.Debug|Any CPU.Build.0 = Debug|Any CPU
		{004F2482-537E-4AB8-B05E-65FBBBF25F19}.Debug|x64.ActiveCfg = Debug|Any CPU
		{004F2482-537E-4AB8-B05E-65FBBBF25F19}.Debug|x64.Build.0 = Debug|Any CPU
		{004F2482-537E-4AB8-B05E-65FBBBF25F19}.Debug|x86.ActiveCfg = Debug|Any CPU
		{004F2482-537E-4AB8-B05E-65FBBBF25F19}.Debug|x86.Build.0 = Debug|Any CPU
		{004F2482-537E-4AB8-B05E-65FBBBF25F19}.Release|Any CPU.ActiveCfg = Release|Any CPU
		{004F2482-537E-4AB8-B05E-65FBBBF25F19}.Release|Any CPU.Build.0 = Release|Any CPU
		{004F2482-537E-4AB8-B05E-65FBBBF25F19}.Release|x64.ActiveCfg = Release|Any CPU
		{004F2482-537E-4AB8-B05E-65FBBBF25F19}.Release|x64.Build.0 = Release|Any CPU
		{004F2482-537E-4AB8-B05E-65FBBBF25F19}.Release|x86.ActiveCfg = Release|Any CPU
		{004F2482-537E-4AB8-B05E-65FBBBF25F19}.Release|x86.Build.0 = Release|Any CPU
		{34D2EFB2-DE09-4B4C-8F1C-768D53E443F2}.Debug|Any CPU.ActiveCfg = Debug|Any CPU
		{34D2EFB2-DE09-4B4C-8F1C-768D53E443F2}.Debug|Any CPU.Build.0 = Debug|Any CPU
		{34D2EFB2-DE09-4B4C-8F1C-768D53E443F2}.Debug|x64.ActiveCfg = Debug|Any CPU
		{34D2EFB2-DE09-4B4C-8F1C-768D53E443F2}.Debug|x64.Build.0 = Debug|Any CPU
		{34D2EFB2-DE09-4B4C-8F1C-768D53E443F2}.Debug|x86.ActiveCfg = Debug|Any CPU
		{34D2EFB2-DE09-4B4C-8F1C-768D53E443F2}.Debug|x86.Build.0 = Debug|Any CPU
		{34D2EFB2-DE09-4B4C-8F1C-768D53E443F2}.Release|Any CPU.ActiveCfg = Release|Any CPU
		{34D2EFB2-DE09-4B4C-8F1C-768D53E443F2}.Release|Any CPU.Build.0 = Release|Any CPU
		{34D2EFB2-DE09-4B4C-8F1C-768D53E443F2}.Release|x64.ActiveCfg = Release|Any CPU
		{34D2EFB2-DE09-4B4C-8F1C-768D53E443F2}.Release|x64.Build.0 = Release|Any CPU
		{34D2EFB2-DE09-4B4C-8F1C-768D53E443F2}.Release|x86.ActiveCfg = Release|Any CPU
		{34D2EFB2-DE09-4B4C-8F1C-768D53E443F2}.Release|x86.Build.0 = Release|Any CPU
	EndGlobalSection
	GlobalSection(SolutionProperties) = preSolution
		HideSolutionNode = FALSE
	EndGlobalSection
EndGlobal
